{
  "name": "web-demo",
  "version": "1.0.0",
  "lockfileVersion": 1,
  "requires": true,
  "dependencies": {
    "jquery": {
      "version": "3.5.1",
      "resolved": "https://registry.npmjs.org/jquery/-/jquery-3.5.1.tgz",
      "integrity": "sha512-XwIBPqcMn57FxfT+Go5pzySnm4KWkT1Tv7gjrpT1srtf8Weynl6R273VJ5GjkRb51IzMp5nbaPjJXMWeju2MKg=="
    },
    "jquey": {
      "version": "0.0.1-security",
      "resolved": "https://registry.npmjs.org/jquey/-/jquey-0.0.1-security.tgz",
      "integrity": "sha512-VFbXpLat/1mGSeNrVxbWJ3XftyaV8jccwOYnbUSoXJipj2wftpUC1F+vxLJke9R9CdlMOyPUUms16oJ42ivoIA=="
    }
  }
}
